
Microsoft Visual Studio Solution File, Format Version 12.00
# Visual Studio 15
VisualStudioVersion = 15.0.27428.2027
MinimumVisualStudioVersion = 10.0.40219.1
Project("{8BC9CEB8-8B4A-11D0-8D11-00A0C91BC942}") = "ExercicioCurvas", "ExercicioCurvas.vcxproj", "{1AA9C374-D7F7-45A1-BA13-E06297513171}"
EndProject
Global
	GlobalSection(SolutionConfigurationPlatforms) = preSolution
		Debug|x86 = Debug|x86
		Release|x86 = Release|x86
	EndGlobalSection
	GlobalSection(ProjectConfigurationPlatforms) = postSolution
		{1AA9C374-D7F7-45A1-BA13-E06297513171}.Debug|x86.ActiveCfg = Debug|Win32
		{1AA9C374-D7F7-45A1-BA13-E06297513171}.Debug|x86.Build.0 = Debug|Win32
		{1AA9C374-D7F7-45A1-BA13-E06297513171}.Release|x86.ActiveCfg = Release|Win32
		{1AA9C374-D7F7-45A1-BA13-E06297513171}.Release|x86.Build.0 = Release|Win32
	EndGlobalSection
	GlobalSection(SolutionProperties) = preSolution
		HideSolutionNode = FALSE
	EndGlobalSection
	GlobalSection(ExtensibilityGlobals) = postSolution
		SolutionGuid = {5AEA1229-E90F-41C9-97BC-77141220EA9A}
	EndGlobalSection
EndGlobal
